
Microsoft Visual Studio Solution File, Format Version 12.00
# Visual Studio Version 16
VisualStudioVersion = 16.0.29609.76
MinimumVisualStudioVersion = 10.0.40219.1
Project("{9A19103F-16F7-4668-BE54-9A1E7A4F7556}") = "SpecFlow.SimpleInjector.SpecFlowPlugin", "SpecFlow.SimpleInjector.SpecFlowPlugin\SpecFlow.SimpleInjector.SpecFlowPlugin.csproj", "{1EEFF87C-9EC4-41C5-83B1-6ADE8BAA1E12}"
EndProject
Project("{2150E333-8FDC-42A3-9474-1A3956D46DE8}") = "Solution Items", "Solution Items", "{5778AABB-6831-47CE-B77E-6F4B8C75809F}"
	ProjectSection(SolutionItems) = preProject
		..\appveyor.yml = ..\appveyor.yml
		.nuget\nuget.config = .nuget\nuget.config
	EndProjectSection
EndProject
Global
	GlobalSection(SolutionConfigurationPlatforms) = preSolution
		Debug|Any CPU = Debug|Any CPU
		Release|Any CPU = Release|Any CPU
	EndGlobalSection
	GlobalSection(ProjectConfigurationPlatforms) = postSolution
		{1EEFF87C-9EC4-41C5-83B1-6ADE8BAA1E12}.Debug|Any CPU.ActiveCfg = Debug|Any CPU
		{1EEFF87C-9EC4-41C5-83B1-6ADE8BAA1E12}.Debug|Any CPU.Build.0 = Debug|Any CPU
		{1EEFF87C-9EC4-41C5-83B1-6ADE8BAA1E12}.Release|Any CPU.ActiveCfg = Release|Any CPU
		{1EEFF87C-9EC4-41C5-83B1-6ADE8BAA1E12}.Release|Any CPU.Build.0 = Release|Any CPU
	EndGlobalSection
	GlobalSection(SolutionProperties) = preSolution
		HideSolutionNode = FALSE
	EndGlobalSection
	GlobalSection(ExtensibilityGlobals) = postSolution
		SolutionGuid = {EA38819C-2330-4D04-AD10-4062E86A693D}
	EndGlobalSection
EndGlobal
